
Microsoft Visual Studio Solution File, Format Version 12.00
# Visual Studio Version 16
VisualStudioVersion = 16.0.29920.165
MinimumVisualStudioVersion = 10.0.40219.1
Project("{FAE04EC0-301F-11D3-BF4B-00C04F79EFBC}") = "QuanLyCaFe", "QuanLyCaFe\QuanLyCaFe.csproj", "{F58890C0-EB48-4365-9ACC-8A1D4D59B70B}"
EndProject
Project("{FAE04EC0-301F-11D3-BF4B-00C04F79EFBC}") = "BUS", "BUS\BUS.csproj", "{DD66989E-7D94-499F-A901-E7876EB1856A}"
EndProject
Project("{FAE04EC0-301F-11D3-BF4B-00C04F79EFBC}") = "DAO", "DAO\DAO.csproj", "{A270E0B2-51BC-45BB-BD0A-E42B1B085477}"
EndProject
Project("{FAE04EC0-301F-11D3-BF4B-00C04F79EFBC}") = "DTO", "DTO\DTO.csproj", "{0E74997F-EE99-4329-88DE-A0D872C12CF7}"
EndProject
Global
	GlobalSection(SolutionConfigurationPlatforms) = preSolution
		Debug|Any CPU = Debug|Any CPU
		Release|Any CPU = Release|Any CPU
	EndGlobalSection
	GlobalSection(ProjectConfigurationPlatforms) = postSolution
		{F58890C0-EB48-4365-9ACC-8A1D4D59B70B}.Debug|Any CPU.ActiveCfg = Debug|Any CPU
		{F58890C0-EB48-4365-9ACC-8A1D4D59B70B}.Debug|Any CPU.Build.0 = Debug|Any CPU
		{F58890C0-EB48-4365-9ACC-8A1D4D59B70B}.Release|Any CPU.ActiveCfg = Release|Any CPU
		{F58890C0-EB48-4365-9ACC-8A1D4D59B70B}.Release|Any CPU.Build.0 = Release|Any CPU
		{DD66989E-7D94-499F-A901-E7876EB1856A}.Debug|Any CPU.ActiveCfg = Debug|Any CPU
		{DD66989E-7D94-499F-A901-E7876EB1856A}.Debug|Any CPU.Build.0 = Debug|Any CPU
		{DD66989E-7D94-499F-A901-E7876EB1856A}.Release|Any CPU.ActiveCfg = Release|Any CPU
		{DD66989E-7D94-499F-A901-E7876EB1856A}.Release|Any CPU.Build.0 = Release|Any CPU
		{A270E0B2-51BC-45BB-BD0A-E42B1B085477}.Debug|Any CPU.ActiveCfg = Debug|Any CPU
		{A270E0B2-51BC-45BB-BD0A-E42B1B085477}.Debug|Any CPU.Build.0 = Debug|Any CPU
		{A270E0B2-51BC-45BB-BD0A-E42B1B085477}.Release|Any CPU.ActiveCfg = Release|Any CPU
		{A270E0B2-51BC-45BB-BD0A-E42B1B085477}.Release|Any CPU.Build.0 = Release|Any CPU
		{0E74997F-EE99-4329-88DE-A0D872C12CF7}.Debug|Any CPU.ActiveCfg = Debug|Any CPU
		{0E74997F-EE99-4329-88DE-A0D872C12CF7}.Debug|Any CPU.Build.0 = Debug|Any CPU
		{0E74997F-EE99-4329-88DE-A0D872C12CF7}.Release|Any CPU.ActiveCfg = Release|Any CPU
		{0E74997F-EE99-4329-88DE-A0D872C12CF7}.Release|Any CPU.Build.0 = Release|Any CPU
	EndGlobalSection
	GlobalSection(SolutionProperties) = preSolution
		HideSolutionNode = FALSE
	EndGlobalSection
	GlobalSection(ExtensibilityGlobals) = postSolution
		SolutionGuid = {32C67264-29A9-4537-868B-D77CEB95C1DE}
	EndGlobalSection
EndGlobal
